// !$*UTF8*$!
{
	archiveVersion = 1;
	classes = {
	};
	objectVersion = 56;
	objects = {

/* Begin PBXBuildFile section */
		BC8F1BF42C65DB9F005D63CB /* AppDelegate.swift in Sources */ = {isa = PBXBuildFile; fileRef = BC8F1BF32C65DB9F005D63CB /* AppDelegate.swift */; };
		BC8F1BF62C65DB9F005D63CB /* SceneDelegate.swift in Sources */ = {isa = PBXBuildFile; fileRef = BC8F1BF52C65DB9F005D63CB /* SceneDelegate.swift */; };
		BC8F1BFD2C65DB9F005D63CB /* Assets.xcassets in Resources */ = {isa = PBXBuildFile; fileRef = BC8F1BFC2C65DB9F005D63CB /* Assets.xcassets */; };
		BC8F1C002C65DB9F005D63CB /* Base in Resources */ = {isa = PBXBuildFile; fileRef = BC8F1BFF2C65DB9F005D63CB /* Base */; };
		BC8F1C0E2C65DD0B005D63CB /* Movie.swift in Sources */ = {isa = PBXBuildFile; fileRef = BC8F1C0D2C65DD0B005D63CB /* Movie.swift */; };
		BC8F1C102C65DD29005D63CB /* BoxOfficeViewController.swift in Sources */ = {isa = PBXBuildFile; fileRef = BC8F1C0F2C65DD29005D63CB /* BoxOfficeViewController.swift */; };
		BC8F1C122C65DD45005D63CB /* NetworkManager.swift in Sources */ = {isa = PBXBuildFile; fileRef = BC8F1C112C65DD45005D63CB /* NetworkManager.swift */; };
		BC8F1C152C65DD69005D63CB /* APIError.swift in Sources */ = {isa = PBXBuildFile; fileRef = BC8F1C142C65DD69005D63CB /* APIError.swift */; };
		BC8F1C182C65DDA3005D63CB /* IQKeyboardManagerSwift in Frameworks */ = {isa = PBXBuildFile; productRef = BC8F1C172C65DDA3005D63CB /* IQKeyboardManagerSwift */; };
		BC8F1C1B2C65DDA9005D63CB /* Then in Frameworks */ = {isa = PBXBuildFile; productRef = BC8F1C1A2C65DDA9005D63CB /* Then */; };
		BC8F1C1E2C65DDBC005D63CB /* RxCocoa in Frameworks */ = {isa = PBXBuildFile; productRef = BC8F1C1D2C65DDBC005D63CB /* RxCocoa */; };
		BC8F1C202C65DDBC005D63CB /* RxSwift in Frameworks */ = {isa = PBXBuildFile; productRef = BC8F1C1F2C65DDBC005D63CB /* RxSwift */; };
		BC8F1C232C65DDC6005D63CB /* SnapKit in Frameworks */ = {isa = PBXBuildFile; productRef = BC8F1C222C65DDC6005D63CB /* SnapKit */; };
		BC8F1C252C65DE42005D63CB /* .gitignore in Resources */ = {isa = PBXBuildFile; fileRef = BC8F1C242C65DE41005D63CB /* .gitignore */; };
		BC8F1C272C65DF15005D63CB /* BoxOfficeViewModel.swift in Sources */ = {isa = PBXBuildFile; fileRef = BC8F1C262C65DF15005D63CB /* BoxOfficeViewModel.swift */; };
		BC8F1C2A2C65DF37005D63CB /* BaseViewModel.swift in Sources */ = {isa = PBXBuildFile; fileRef = BC8F1C292C65DF37005D63CB /* BaseViewModel.swift */; };
		BC8F1C2C2C65E001005D63CB /* MovieCollectionViewCell.swift in Sources */ = {isa = PBXBuildFile; fileRef = BC8F1C2B2C65E001005D63CB /* MovieCollectionViewCell.swift */; };
		BC8F1C2F2C65E0B3005D63CB /* ReusableIdentifier.swift in Sources */ = {isa = PBXBuildFile; fileRef = BC8F1C2E2C65E0B3005D63CB /* ReusableIdentifier.swift */; };
		BC8F1C312C65E0D6005D63CB /* MovieTableViewCell.swift in Sources */ = {isa = PBXBuildFile; fileRef = BC8F1C302C65E0D6005D63CB /* MovieTableViewCell.swift */; };
		BC8F1C342C65E733005D63CB /* Toast in Frameworks */ = {isa = PBXBuildFile; productRef = BC8F1C332C65E733005D63CB /* Toast */; };
		BC8F1C3E2C65F1E0005D63CB /* APIRouter.swift in Sources */ = {isa = PBXBuildFile; fileRef = BC8F1C3D2C65F1E0005D63CB /* APIRouter.swift */; };
		BC8F1C402C65F24D005D63CB /* APIClient.swift in Sources */ = {isa = PBXBuildFile; fileRef = BC8F1C3F2C65F24D005D63CB /* APIClient.swift */; };
		BC8F1C432C65F2FB005D63CB /* Alamofire in Frameworks */ = {isa = PBXBuildFile; productRef = BC8F1C422C65F2FB005D63CB /* Alamofire */; };
		BC8F1C462C65F3D3005D63CB /* ITunesSearchQuery.swift in Sources */ = {isa = PBXBuildFile; fileRef = BC8F1C452C65F3D3005D63CB /* ITunesSearchQuery.swift */; };
		BC8F1C482C65F3F3005D63CB /* APIKey.swift in Sources */ = {isa = PBXBuildFile; fileRef = BC8F1C472C65F3F3005D63CB /* APIKey.swift */; };
		BC8F1C4A2C65F417005D63CB /* APIConstant.swift in Sources */ = {isa = PBXBuildFile; fileRef = BC8F1C492C65F417005D63CB /* APIConstant.swift */; };
		BC8F1C4C2C65F5BC005D63CB /* TargetType.swift in Sources */ = {isa = PBXBuildFile; fileRef = BC8F1C4B2C65F5BC005D63CB /* TargetType.swift */; };
		BC8F1C4E2C65FC5F005D63CB /* ITunesSearchViewController.swift in Sources */ = {isa = PBXBuildFile; fileRef = BC8F1C4D2C65FC5F005D63CB /* ITunesSearchViewController.swift */; };
		BC8F1C502C65FCA9005D63CB /* ITunesSearchModel.swift in Sources */ = {isa = PBXBuildFile; fileRef = BC8F1C4F2C65FCA9005D63CB /* ITunesSearchModel.swift */; };
		BC8F1C522C6612D5005D63CB /* ITunesSearchViewModel.swift in Sources */ = {isa = PBXBuildFile; fileRef = BC8F1C512C6612D4005D63CB /* ITunesSearchViewModel.swift */; };
		BC8F1C542C6617F4005D63CB /* ITunesSearchView.swift in Sources */ = {isa = PBXBuildFile; fileRef = BC8F1C532C6617F4005D63CB /* ITunesSearchView.swift */; };
		BC8F1C562C663969005D63CB /* ITunesSearchTableViewCell.swift in Sources */ = {isa = PBXBuildFile; fileRef = BC8F1C552C663969005D63CB /* ITunesSearchTableViewCell.swift */; };
		BC8F1C5B2C6645C4005D63CB /* Kingfisher in Frameworks */ = {isa = PBXBuildFile; productRef = BC8F1C5A2C6645C4005D63CB /* Kingfisher */; };
		BC8F1C5E2C664E80005D63CB /* ITunesDetailViewController.swift in Sources */ = {isa = PBXBuildFile; fileRef = BC8F1C5D2C664E80005D63CB /* ITunesDetailViewController.swift */; };
		BC8F1C612C665036005D63CB /* ITunesDetailView.swift in Sources */ = {isa = PBXBuildFile; fileRef = BC8F1C602C665036005D63CB /* ITunesDetailView.swift */; };
		BC8F1C632C6653A4005D63CB /* ITunesDetailViewModel.swift in Sources */ = {isa = PBXBuildFile; fileRef = BC8F1C622C6653A4005D63CB /* ITunesDetailViewModel.swift */; };
/* End PBXBuildFile section */

/* Begin PBXFileReference section */
		BC8F1BF02C65DB9F005D63CB /* RxSwiftNetworkPractice.app */ = {isa = PBXFileReference; explicitFileType = wrapper.application; includeInIndex = 0; path = RxSwiftNetworkPractice.app; sourceTree = BUILT_PRODUCTS_DIR; };
		BC8F1BF32C65DB9F005D63CB /* AppDelegate.swift */ = {isa = PBXFileReference; lastKnownFileType = sourcecode.swift; path = AppDelegate.swift; sourceTree = "<group>"; };
		BC8F1BF52C65DB9F005D63CB /* SceneDelegate.swift */ = {isa = PBXFileReference; lastKnownFileType = sourcecode.swift; path = SceneDelegate.swift; sourceTree = "<group>"; };
		BC8F1BFC2C65DB9F005D63CB /* Assets.xcassets */ = {isa = PBXFileReference; lastKnownFileType = folder.assetcatalog; path = Assets.xcassets; sourceTree = "<group>"; };
		BC8F1BFF2C65DB9F005D63CB /* Base */ = {isa = PBXFileReference; lastKnownFileType = file.storyboard; name = Base; path = Base.lproj/LaunchScreen.storyboard; sourceTree = "<group>"; };
		BC8F1C012C65DB9F005D63CB /* Info.plist */ = {isa = PBXFileReference; lastKnownFileType = text.plist.xml; path = Info.plist; sourceTree = "<group>"; };
		BC8F1C0D2C65DD0B005D63CB /* Movie.swift */ = {isa = PBXFileReference; lastKnownFileType = sourcecode.swift; path = Movie.swift; sourceTree = "<group>"; };
		BC8F1C0F2C65DD29005D63CB /* BoxOfficeViewController.swift */ = {isa = PBXFileReference; lastKnownFileType = sourcecode.swift; path = BoxOfficeViewController.swift; sourceTree = "<group>"; };
		BC8F1C112C65DD45005D63CB /* NetworkManager.swift */ = {isa = PBXFileReference; lastKnownFileType = sourcecode.swift; path = NetworkManager.swift; sourceTree = "<group>"; };
		BC8F1C142C65DD69005D63CB /* APIError.swift */ = {isa = PBXFileReference; lastKnownFileType = sourcecode.swift; path = APIError.swift; sourceTree = "<group>"; };
		BC8F1C242C65DE41005D63CB /* .gitignore */ = {isa = PBXFileReference; lastKnownFileType = text; path = .gitignore; sourceTree = "<group>"; };
		BC8F1C262C65DF15005D63CB /* BoxOfficeViewModel.swift */ = {isa = PBXFileReference; lastKnownFileType = sourcecode.swift; path = BoxOfficeViewModel.swift; sourceTree = "<group>"; };
		BC8F1C292C65DF37005D63CB /* BaseViewModel.swift */ = {isa = PBXFileReference; lastKnownFileType = sourcecode.swift; path = BaseViewModel.swift; sourceTree = "<group>"; };
		BC8F1C2B2C65E001005D63CB /* MovieCollectionViewCell.swift */ = {isa = PBXFileReference; lastKnownFileType = sourcecode.swift; path = MovieCollectionViewCell.swift; sourceTree = "<group>"; };
		BC8F1C2E2C65E0B3005D63CB /* ReusableIdentifier.swift */ = {isa = PBXFileReference; lastKnownFileType = sourcecode.swift; path = ReusableIdentifier.swift; sourceTree = "<group>"; };
		BC8F1C302C65E0D6005D63CB /* MovieTableViewCell.swift */ = {isa = PBXFileReference; lastKnownFileType = sourcecode.swift; path = MovieTableViewCell.swift; sourceTree = "<group>"; };
		BC8F1C3D2C65F1E0005D63CB /* APIRouter.swift */ = {isa = PBXFileReference; lastKnownFileType = sourcecode.swift; path = APIRouter.swift; sourceTree = "<group>"; };
		BC8F1C3F2C65F24D005D63CB /* APIClient.swift */ = {isa = PBXFileReference; lastKnownFileType = sourcecode.swift; path = APIClient.swift; sourceTree = "<group>"; };
		BC8F1C452C65F3D3005D63CB /* ITunesSearchQuery.swift */ = {isa = PBXFileReference; lastKnownFileType = sourcecode.swift; path = ITunesSearchQuery.swift; sourceTree = "<group>"; };
		BC8F1C472C65F3F3005D63CB /* APIKey.swift */ = {isa = PBXFileReference; lastKnownFileType = sourcecode.swift; path = APIKey.swift; sourceTree = "<group>"; };
		BC8F1C492C65F417005D63CB /* APIConstant.swift */ = {isa = PBXFileReference; lastKnownFileType = sourcecode.swift; path = APIConstant.swift; sourceTree = "<group>"; };
		BC8F1C4B2C65F5BC005D63CB /* TargetType.swift */ = {isa = PBXFileReference; lastKnownFileType = sourcecode.swift; path = TargetType.swift; sourceTree = "<group>"; };
		BC8F1C4D2C65FC5F005D63CB /* ITunesSearchViewController.swift */ = {isa = PBXFileReference; lastKnownFileType = sourcecode.swift; path = ITunesSearchViewController.swift; sourceTree = "<group>"; };
		BC8F1C4F2C65FCA9005D63CB /* ITunesSearchModel.swift */ = {isa = PBXFileReference; lastKnownFileType = sourcecode.swift; path = ITunesSearchModel.swift; sourceTree = "<group>"; };
		BC8F1C512C6612D4005D63CB /* ITunesSearchViewModel.swift */ = {isa = PBXFileReference; lastKnownFileType = sourcecode.swift; path = ITunesSearchViewModel.swift; sourceTree = "<group>"; };
		BC8F1C532C6617F4005D63CB /* ITunesSearchView.swift */ = {isa = PBXFileReference; lastKnownFileType = sourcecode.swift; path = ITunesSearchView.swift; sourceTree = "<group>"; };
		BC8F1C552C663969005D63CB /* ITunesSearchTableViewCell.swift */ = {isa = PBXFileReference; lastKnownFileType = sourcecode.swift; path = ITunesSearchTableViewCell.swift; sourceTree = "<group>"; };
		BC8F1C5D2C664E80005D63CB /* ITunesDetailViewController.swift */ = {isa = PBXFileReference; lastKnownFileType = sourcecode.swift; path = ITunesDetailViewController.swift; sourceTree = "<group>"; };
		BC8F1C602C665036005D63CB /* ITunesDetailView.swift */ = {isa = PBXFileReference; lastKnownFileType = sourcecode.swift; path = ITunesDetailView.swift; sourceTree = "<group>"; };
		BC8F1C622C6653A4005D63CB /* ITunesDetailViewModel.swift */ = {isa = PBXFileReference; lastKnownFileType = sourcecode.swift; path = ITunesDetailViewModel.swift; sourceTree = "<group>"; };
/* End PBXFileReference section */

/* Begin PBXFrameworksBuildPhase section */
		BC8F1BED2C65DB9F005D63CB /* Frameworks */ = {
			isa = PBXFrameworksBuildPhase;
			buildActionMask = 2147483647;
			files = (
				BC8F1C342C65E733005D63CB /* Toast in Frameworks */,
				BC8F1C432C65F2FB005D63CB /* Alamofire in Frameworks */,
				BC8F1C1E2C65DDBC005D63CB /* RxCocoa in Frameworks */,
				BC8F1C182C65DDA3005D63CB /* IQKeyboardManagerSwift in Frameworks */,
				BC8F1C5B2C6645C4005D63CB /* Kingfisher in Frameworks */,
				BC8F1C202C65DDBC005D63CB /* RxSwift in Frameworks */,
				BC8F1C1B2C65DDA9005D63CB /* Then in Frameworks */,
				BC8F1C232C65DDC6005D63CB /* SnapKit in Frameworks */,
			);
			runOnlyForDeploymentPostprocessing = 0;
		};
/* End PBXFrameworksBuildPhase section */

/* Begin PBXGroup section */
		BC8F1BE72C65DB9F005D63CB = {
			isa = PBXGroup;
			children = (
				BC8F1C242C65DE41005D63CB /* .gitignore */,
				BC8F1BF22C65DB9F005D63CB /* RxSwiftNetworkPractice */,
				BC8F1BF12C65DB9F005D63CB /* Products */,
			);
			sourceTree = "<group>";
		};
		BC8F1BF12C65DB9F005D63CB /* Products */ = {
			isa = PBXGroup;
			children = (
				BC8F1BF02C65DB9F005D63CB /* RxSwiftNetworkPractice.app */,
			);
			name = Products;
			sourceTree = "<group>";
		};
		BC8F1BF22C65DB9F005D63CB /* RxSwiftNetworkPractice */ = {
			isa = PBXGroup;
			children = (
				BC8F1C072C65DC7C005D63CB /* Common */,
				BC8F1C082C65DC80005D63CB /* BoxOffice */,
				BC8F1C092C65DCAD005D63CB /* iTunes */,
				BC8F1BF32C65DB9F005D63CB /* AppDelegate.swift */,
				BC8F1BF52C65DB9F005D63CB /* SceneDelegate.swift */,
				BC8F1BFC2C65DB9F005D63CB /* Assets.xcassets */,
				BC8F1BFE2C65DB9F005D63CB /* LaunchScreen.storyboard */,
				BC8F1C012C65DB9F005D63CB /* Info.plist */,
			);
			path = RxSwiftNetworkPractice;
			sourceTree = "<group>";
		};
		BC8F1C072C65DC7C005D63CB /* Common */ = {
			isa = PBXGroup;
			children = (
				BC8F1C282C65DF2D005D63CB /* Base */,
				BC8F1C2D2C65E098005D63CB /* Protocol */,
				BC8F1C132C65DD53005D63CB /* Network */,
			);
			path = Common;
			sourceTree = "<group>";
		};
		BC8F1C082C65DC80005D63CB /* BoxOffice */ = {
			isa = PBXGroup;
			children = (
				BC8F1C0A2C65DCE4005D63CB /* Model */,
				BC8F1C0B2C65DCE8005D63CB /* View */,
				BC8F1C0C2C65DCED005D63CB /* ViewModel */,
			);
			path = BoxOffice;
			sourceTree = "<group>";
		};
		BC8F1C092C65DCAD005D63CB /* iTunes */ = {
			isa = PBXGroup;
			children = (
				BC8F1C382C65F178005D63CB /* Search */,
				BC8F1C392C65F1B1005D63CB /* Detail */,
			);
			path = iTunes;
			sourceTree = "<group>";
		};
		BC8F1C0A2C65DCE4005D63CB /* Model */ = {
			isa = PBXGroup;
			children = (
				BC8F1C0D2C65DD0B005D63CB /* Movie.swift */,
			);
			path = Model;
			sourceTree = "<group>";
		};
		BC8F1C0B2C65DCE8005D63CB /* View */ = {
			isa = PBXGroup;
			children = (
				BC8F1C0F2C65DD29005D63CB /* BoxOfficeViewController.swift */,
				BC8F1C2B2C65E001005D63CB /* MovieCollectionViewCell.swift */,
				BC8F1C302C65E0D6005D63CB /* MovieTableViewCell.swift */,
			);
			path = View;
			sourceTree = "<group>";
		};
		BC8F1C0C2C65DCED005D63CB /* ViewModel */ = {
			isa = PBXGroup;
			children = (
				BC8F1C262C65DF15005D63CB /* BoxOfficeViewModel.swift */,
			);
			path = ViewModel;
			sourceTree = "<group>";
		};
		BC8F1C132C65DD53005D63CB /* Network */ = {
			isa = PBXGroup;
			children = (
				BC8F1C442C65F34A005D63CB /* RequestQuery */,
				BC8F1C3F2C65F24D005D63CB /* APIClient.swift */,
				BC8F1C3D2C65F1E0005D63CB /* APIRouter.swift */,
				BC8F1C142C65DD69005D63CB /* APIError.swift */,
				BC8F1C112C65DD45005D63CB /* NetworkManager.swift */,
				BC8F1C472C65F3F3005D63CB /* APIKey.swift */,
				BC8F1C492C65F417005D63CB /* APIConstant.swift */,
				BC8F1C4B2C65F5BC005D63CB /* TargetType.swift */,
			);
			path = Network;
			sourceTree = "<group>";
		};
		BC8F1C282C65DF2D005D63CB /* Base */ = {
			isa = PBXGroup;
			children = (
				BC8F1C292C65DF37005D63CB /* BaseViewModel.swift */,
			);
			path = Base;
			sourceTree = "<group>";
		};
		BC8F1C2D2C65E098005D63CB /* Protocol */ = {
			isa = PBXGroup;
			children = (
				BC8F1C2E2C65E0B3005D63CB /* ReusableIdentifier.swift */,
			);
			path = Protocol;
			sourceTree = "<group>";
		};
		BC8F1C352C65F148005D63CB /* ViewModel */ = {
			isa = PBXGroup;
			children = (
				BC8F1C512C6612D4005D63CB /* ITunesSearchViewModel.swift */,
			);
			path = ViewModel;
			sourceTree = "<group>";
		};
		BC8F1C362C65F160005D63CB /* View */ = {
			isa = PBXGroup;
			children = (
				BC8F1C532C6617F4005D63CB /* ITunesSearchView.swift */,
				BC8F1C4D2C65FC5F005D63CB /* ITunesSearchViewController.swift */,
				BC8F1C552C663969005D63CB /* ITunesSearchTableViewCell.swift */,
			);
			path = View;
			sourceTree = "<group>";
		};
		BC8F1C372C65F16F005D63CB /* Model */ = {
			isa = PBXGroup;
			children = (
				BC8F1C4F2C65FCA9005D63CB /* ITunesSearchModel.swift */,
			);
			path = Model;
			sourceTree = "<group>";
		};
		BC8F1C382C65F178005D63CB /* Search */ = {
			isa = PBXGroup;
			children = (
				BC8F1C372C65F16F005D63CB /* Model */,
				BC8F1C362C65F160005D63CB /* View */,
				BC8F1C352C65F148005D63CB /* ViewModel */,
			);
			path = Search;
			sourceTree = "<group>";
		};
		BC8F1C392C65F1B1005D63CB /* Detail */ = {
			isa = PBXGroup;
			children = (
				BC8F1C3C2C65F1C1005D63CB /* Model */,
				BC8F1C3B2C65F1BD005D63CB /* View */,
				BC8F1C3A2C65F1B8005D63CB /* ViewModel */,
			);
			path = Detail;
			sourceTree = "<group>";
		};
		BC8F1C3A2C65F1B8005D63CB /* ViewModel */ = {
			isa = PBXGroup;
			children = (
				BC8F1C622C6653A4005D63CB /* ITunesDetailViewModel.swift */,
			);
			path = ViewModel;
			sourceTree = "<group>";
		};
		BC8F1C3B2C65F1BD005D63CB /* View */ = {
			isa = PBXGroup;
			children = (
				BC8F1C5D2C664E80005D63CB /* ITunesDetailViewController.swift */,
				BC8F1C602C665036005D63CB /* ITunesDetailView.swift */,
			);
			path = View;
			sourceTree = "<group>";
		};
		BC8F1C3C2C65F1C1005D63CB /* Model */ = {
			isa = PBXGroup;
			children = (
			);
			path = Model;
			sourceTree = "<group>";
		};
		BC8F1C442C65F34A005D63CB /* RequestQuery */ = {
			isa = PBXGroup;
			children = (
				BC8F1C452C65F3D3005D63CB /* ITunesSearchQuery.swift */,
			);
			path = RequestQuery;
			sourceTree = "<group>";
		};
/* End PBXGroup section */

/* Begin PBXNativeTarget section */
		BC8F1BEF2C65DB9F005D63CB /* RxSwiftNetworkPractice */ = {
			isa = PBXNativeTarget;
			buildConfigurationList = BC8F1C042C65DB9F005D63CB /* Build configuration list for PBXNativeTarget "RxSwiftNetworkPractice" */;
			buildPhases = (
				BC8F1BEC2C65DB9F005D63CB /* Sources */,
				BC8F1BED2C65DB9F005D63CB /* Frameworks */,
				BC8F1BEE2C65DB9F005D63CB /* Resources */,
			);
			buildRules = (
			);
			dependencies = (
			);
			name = RxSwiftNetworkPractice;
			packageProductDependencies = (
				BC8F1C172C65DDA3005D63CB /* IQKeyboardManagerSwift */,
				BC8F1C1A2C65DDA9005D63CB /* Then */,
				BC8F1C1D2C65DDBC005D63CB /* RxCocoa */,
				BC8F1C1F2C65DDBC005D63CB /* RxSwift */,
				BC8F1C222C65DDC6005D63CB /* SnapKit */,
				BC8F1C332C65E733005D63CB /* Toast */,
				BC8F1C422C65F2FB005D63CB /* Alamofire */,
				BC8F1C5A2C6645C4005D63CB /* Kingfisher */,
			);
			productName = RxSwiftNetworkPractice;
			productReference = BC8F1BF02C65DB9F005D63CB /* RxSwiftNetworkPractice.app */;
			productType = "com.apple.product-type.application";
		};
/* End PBXNativeTarget section */

/* Begin PBXProject section */
		BC8F1BE82C65DB9F005D63CB /* Project object */ = {
			isa = PBXProject;
			attributes = {
				BuildIndependentTargetsInParallel = 1;
				LastSwiftUpdateCheck = 1540;
				LastUpgradeCheck = 1540;
				TargetAttributes = {
					BC8F1BEF2C65DB9F005D63CB = {
						CreatedOnToolsVersion = 15.4;
					};
				};
			};
			buildConfigurationList = BC8F1BEB2C65DB9F005D63CB /* Build configuration list for PBXProject "RxSwiftNetworkPractice" */;
			compatibilityVersion = "Xcode 14.0";
			developmentRegion = en;
			hasScannedForEncodings = 0;
			knownRegions = (
				en,
				Base,
			);
			mainGroup = BC8F1BE72C65DB9F005D63CB;
			packageReferences = (
				BC8F1C162C65DDA3005D63CB /* XCRemoteSwiftPackageReference "IQKeyboardManager" */,
				BC8F1C192C65DDA9005D63CB /* XCRemoteSwiftPackageReference "Then" */,
				BC8F1C1C2C65DDBC005D63CB /* XCRemoteSwiftPackageReference "RxSwift" */,
				BC8F1C212C65DDC6005D63CB /* XCRemoteSwiftPackageReference "SnapKit" */,
				BC8F1C322C65E733005D63CB /* XCRemoteSwiftPackageReference "Toast-Swift" */,
				BC8F1C412C65F2FB005D63CB /* XCRemoteSwiftPackageReference "Alamofire" */,
				BC8F1C592C6645C4005D63CB /* XCRemoteSwiftPackageReference "Kingfisher" */,
			);
			productRefGroup = BC8F1BF12C65DB9F005D63CB /* Products */;
			projectDirPath = "";
			projectRoot = "";
			targets = (
				BC8F1BEF2C65DB9F005D63CB /* RxSwiftNetworkPractice */,
			);
		};
/* End PBXProject section */

/* Begin PBXResourcesBuildPhase section */
		BC8F1BEE2C65DB9F005D63CB /* Resources */ = {
			isa = PBXResourcesBuildPhase;
			buildActionMask = 2147483647;
			files = (
				BC8F1BFD2C65DB9F005D63CB /* Assets.xcassets in Resources */,
				BC8F1C252C65DE42005D63CB /* .gitignore in Resources */,
				BC8F1C002C65DB9F005D63CB /* Base in Resources */,
			);
			runOnlyForDeploymentPostprocessing = 0;
		};
/* End PBXResourcesBuildPhase section */

/* Begin PBXSourcesBuildPhase section */
		BC8F1BEC2C65DB9F005D63CB /* Sources */ = {
			isa = PBXSourcesBuildPhase;
			buildActionMask = 2147483647;
			files = (
				BC8F1BF42C65DB9F005D63CB /* AppDelegate.swift in Sources */,
				BC8F1C3E2C65F1E0005D63CB /* APIRouter.swift in Sources */,
				BC8F1C542C6617F4005D63CB /* ITunesSearchView.swift in Sources */,
				BC8F1C312C65E0D6005D63CB /* MovieTableViewCell.swift in Sources */,
				BC8F1C0E2C65DD0B005D63CB /* Movie.swift in Sources */,
				BC8F1C522C6612D5005D63CB /* ITunesSearchViewModel.swift in Sources */,
				BC8F1C4A2C65F417005D63CB /* APIConstant.swift in Sources */,
				BC8F1C502C65FCA9005D63CB /* ITunesSearchModel.swift in Sources */,
				BC8F1C482C65F3F3005D63CB /* APIKey.swift in Sources */,
				BC8F1C462C65F3D3005D63CB /* ITunesSearchQuery.swift in Sources */,
				BC8F1C102C65DD29005D63CB /* BoxOfficeViewController.swift in Sources */,
				BC8F1C632C6653A4005D63CB /* ITunesDetailViewModel.swift in Sources */,
				BC8F1C272C65DF15005D63CB /* BoxOfficeViewModel.swift in Sources */,
				BC8F1C2A2C65DF37005D63CB /* BaseViewModel.swift in Sources */,
				BC8F1C122C65DD45005D63CB /* NetworkManager.swift in Sources */,
				BC8F1C2F2C65E0B3005D63CB /* ReusableIdentifier.swift in Sources */,
				BC8F1C612C665036005D63CB /* ITunesDetailView.swift in Sources */,
				BC8F1C402C65F24D005D63CB /* APIClient.swift in Sources */,
				BC8F1C2C2C65E001005D63CB /* MovieCollectionViewCell.swift in Sources */,
				BC8F1BF62C65DB9F005D63CB /* SceneDelegate.swift in Sources */,
				BC8F1C152C65DD69005D63CB /* APIError.swift in Sources */,
				BC8F1C5E2C664E80005D63CB /* ITunesDetailViewController.swift in Sources */,
				BC8F1C562C663969005D63CB /* ITunesSearchTableViewCell.swift in Sources */,
				BC8F1C4E2C65FC5F005D63CB /* ITunesSearchViewController.swift in Sources */,
				BC8F1C4C2C65F5BC005D63CB /* TargetType.swift in Sources */,
			);
			runOnlyForDeploymentPostprocessing = 0;
		};
/* End PBXSourcesBuildPhase section */

/* Begin PBXVariantGroup section */
		BC8F1BFE2C65DB9F005D63CB /* LaunchScreen.storyboard */ = {
			isa = PBXVariantGroup;
			children = (
				BC8F1BFF2C65DB9F005D63CB /* Base */,
			);
			name = LaunchScreen.storyboard;
			sourceTree = "<group>";
		};
/* End PBXVariantGroup section */

/* Begin XCBuildConfiguration section */
		BC8F1C022C65DB9F005D63CB /* Debug */ = {
			isa = XCBuildConfiguration;
			buildSettings = {
				ALWAYS_SEARCH_USER_PATHS = NO;
				ASSETCATALOG_COMPILER_GENERATE_SWIFT_ASSET_SYMBOL_EXTENSIONS = YES;
				CLANG_ANALYZER_NONNULL = YES;
				CLANG_ANALYZER_NUMBER_OBJECT_CONVERSION = YES_AGGRESSIVE;
				CLANG_CXX_LANGUAGE_STANDARD = "gnu++20";
				CLANG_ENABLE_MODULES = YES;
				CLANG_ENABLE_OBJC_ARC = YES;
				CLANG_ENABLE_OBJC_WEAK = YES;
				CLANG_WARN_BLOCK_CAPTURE_AUTORELEASING = YES;
				CLANG_WARN_BOOL_CONVERSION = YES;
				CLANG_WARN_COMMA = YES;
				CLANG_WARN_CONSTANT_CONVERSION = YES;
				CLANG_WARN_DEPRECATED_OBJC_IMPLEMENTATIONS = YES;
				CLANG_WARN_DIRECT_OBJC_ISA_USAGE = YES_ERROR;
				CLANG_WARN_DOCUMENTATION_COMMENTS = YES;
				CLANG_WARN_EMPTY_BODY = YES;
				CLANG_WARN_ENUM_CONVERSION = YES;
				CLANG_WARN_INFINITE_RECURSION = YES;
				CLANG_WARN_INT_CONVERSION = YES;
				CLANG_WARN_NON_LITERAL_NULL_CONVERSION = YES;
				CLANG_WARN_OBJC_IMPLICIT_RETAIN_SELF = YES;
				CLANG_WARN_OBJC_LITERAL_CONVERSION = YES;
				CLANG_WARN_OBJC_ROOT_CLASS = YES_ERROR;
				CLANG_WARN_QUOTED_INCLUDE_IN_FRAMEWORK_HEADER = YES;
				CLANG_WARN_RANGE_LOOP_ANALYSIS = YES;
				CLANG_WARN_STRICT_PROTOTYPES = YES;
				CLANG_WARN_SUSPICIOUS_MOVE = YES;
				CLANG_WARN_UNGUARDED_AVAILABILITY = YES_AGGRESSIVE;
				CLANG_WARN_UNREACHABLE_CODE = YES;
				CLANG_WARN__DUPLICATE_METHOD_MATCH = YES;
				COPY_PHASE_STRIP = NO;
				DEBUG_INFORMATION_FORMAT = dwarf;
				ENABLE_STRICT_OBJC_MSGSEND = YES;
				ENABLE_TESTABILITY = YES;
				ENABLE_USER_SCRIPT_SANDBOXING = YES;
				GCC_C_LANGUAGE_STANDARD = gnu17;
				GCC_DYNAMIC_NO_PIC = NO;
				GCC_NO_COMMON_BLOCKS = YES;
				GCC_OPTIMIZATION_LEVEL = 0;
				GCC_PREPROCESSOR_DEFINITIONS = (
					"DEBUG=1",
					"$(inherited)",
				);
				GCC_WARN_64_TO_32_BIT_CONVERSION = YES;
				GCC_WARN_ABOUT_RETURN_TYPE = YES_ERROR;
				GCC_WARN_UNDECLARED_SELECTOR = YES;
				GCC_WARN_UNINITIALIZED_AUTOS = YES_AGGRESSIVE;
				GCC_WARN_UNUSED_FUNCTION = YES;
				GCC_WARN_UNUSED_VARIABLE = YES;
				IPHONEOS_DEPLOYMENT_TARGET = 17.5;
				LOCALIZATION_PREFERS_STRING_CATALOGS = YES;
				MTL_ENABLE_DEBUG_INFO = INCLUDE_SOURCE;
				MTL_FAST_MATH = YES;
				ONLY_ACTIVE_ARCH = YES;
				SDKROOT = iphoneos;
				SWIFT_ACTIVE_COMPILATION_CONDITIONS = "DEBUG $(inherited)";
				SWIFT_OPTIMIZATION_LEVEL = "-Onone";
			};
			name = Debug;
		};
		BC8F1C032C65DB9F005D63CB /* Release */ = {
			isa = XCBuildConfiguration;
			buildSettings = {
				ALWAYS_SEARCH_USER_PATHS = NO;
				ASSETCATALOG_COMPILER_GENERATE_SWIFT_ASSET_SYMBOL_EXTENSIONS = YES;
				CLANG_ANALYZER_NONNULL = YES;
				CLANG_ANALYZER_NUMBER_OBJECT_CONVERSION = YES_AGGRESSIVE;
				CLANG_CXX_LANGUAGE_STANDARD = "gnu++20";
				CLANG_ENABLE_MODULES = YES;
				CLANG_ENABLE_OBJC_ARC = YES;
				CLANG_ENABLE_OBJC_WEAK = YES;
				CLANG_WARN_BLOCK_CAPTURE_AUTORELEASING = YES;
				CLANG_WARN_BOOL_CONVERSION = YES;
				CLANG_WARN_COMMA = YES;
				CLANG_WARN_CONSTANT_CONVERSION = YES;
				CLANG_WARN_DEPRECATED_OBJC_IMPLEMENTATIONS = YES;
				CLANG_WARN_DIRECT_OBJC_ISA_USAGE = YES_ERROR;
				CLANG_WARN_DOCUMENTATION_COMMENTS = YES;
				CLANG_WARN_EMPTY_BODY = YES;
				CLANG_WARN_ENUM_CONVERSION = YES;
				CLANG_WARN_INFINITE_RECURSION = YES;
				CLANG_WARN_INT_CONVERSION = YES;
				CLANG_WARN_NON_LITERAL_NULL_CONVERSION = YES;
				CLANG_WARN_OBJC_IMPLICIT_RETAIN_SELF = YES;
				CLANG_WARN_OBJC_LITERAL_CONVERSION = YES;
				CLANG_WARN_OBJC_ROOT_CLASS = YES_ERROR;
				CLANG_WARN_QUOTED_INCLUDE_IN_FRAMEWORK_HEADER = YES;
				CLANG_WARN_RANGE_LOOP_ANALYSIS = YES;
				CLANG_WARN_STRICT_PROTOTYPES = YES;
				CLANG_WARN_SUSPICIOUS_MOVE = YES;
				CLANG_WARN_UNGUARDED_AVAILABILITY = YES_AGGRESSIVE;
				CLANG_WARN_UNREACHABLE_CODE = YES;
				CLANG_WARN__DUPLICATE_METHOD_MATCH = YES;
				COPY_PHASE_STRIP = NO;
				DEBUG_INFORMATION_FORMAT = "dwarf-with-dsym";
				ENABLE_NS_ASSERTIONS = NO;
				ENABLE_STRICT_OBJC_MSGSEND = YES;
				ENABLE_USER_SCRIPT_SANDBOXING = YES;
				GCC_C_LANGUAGE_STANDARD = gnu17;
				GCC_NO_COMMON_BLOCKS = YES;
				GCC_WARN_64_TO_32_BIT_CONVERSION = YES;
				GCC_WARN_ABOUT_RETURN_TYPE = YES_ERROR;
				GCC_WARN_UNDECLARED_SELECTOR = YES;
				GCC_WARN_UNINITIALIZED_AUTOS = YES_AGGRESSIVE;
				GCC_WARN_UNUSED_FUNCTION = YES;
				GCC_WARN_UNUSED_VARIABLE = YES;
				IPHONEOS_DEPLOYMENT_TARGET = 17.5;
				LOCALIZATION_PREFERS_STRING_CATALOGS = YES;
				MTL_ENABLE_DEBUG_INFO = NO;
				MTL_FAST_MATH = YES;
				SDKROOT = iphoneos;
				SWIFT_COMPILATION_MODE = wholemodule;
				VALIDATE_PRODUCT = YES;
			};
			name = Release;
		};
		BC8F1C052C65DB9F005D63CB /* Debug */ = {
			isa = XCBuildConfiguration;
			buildSettings = {
				ASSETCATALOG_COMPILER_APPICON_NAME = AppIcon;
				ASSETCATALOG_COMPILER_GLOBAL_ACCENT_COLOR_NAME = AccentColor;
				CODE_SIGN_STYLE = Automatic;
				CURRENT_PROJECT_VERSION = 1;
				DEVELOPMENT_TEAM = F8FT97JYZT;
				GENERATE_INFOPLIST_FILE = YES;
				INFOPLIST_FILE = RxSwiftNetworkPractice/Info.plist;
				INFOPLIST_KEY_UIApplicationSupportsIndirectInputEvents = YES;
				INFOPLIST_KEY_UILaunchStoryboardName = LaunchScreen;
				INFOPLIST_KEY_UISupportedInterfaceOrientations = UIInterfaceOrientationPortrait;
				INFOPLIST_KEY_UISupportedInterfaceOrientations_iPad = UIInterfaceOrientationPortrait;
				IPHONEOS_DEPLOYMENT_TARGET = 16.0;
				LD_RUNPATH_SEARCH_PATHS = (
					"$(inherited)",
					"@executable_path/Frameworks",
				);
				MARKETING_VERSION = 1.0;
				PRODUCT_BUNDLE_IDENTIFIER = tunastorm.RxSwiftNetworkPractice;
				PRODUCT_NAME = "$(TARGET_NAME)";
				SUPPORTED_PLATFORMS = "iphoneos iphonesimulator";
				SUPPORTS_MACCATALYST = NO;
				SUPPORTS_MAC_DESIGNED_FOR_IPHONE_IPAD = NO;
				SUPPORTS_XR_DESIGNED_FOR_IPHONE_IPAD = NO;
				SWIFT_EMIT_LOC_STRINGS = YES;
				SWIFT_VERSION = 5.0;
				TARGETED_DEVICE_FAMILY = 1;
			};
			name = Debug;
		};
		BC8F1C062C65DB9F005D63CB /* Release */ = {
			isa = XCBuildConfiguration;
			buildSettings = {
				ASSETCATALOG_COMPILER_APPICON_NAME = AppIcon;
				ASSETCATALOG_COMPILER_GLOBAL_ACCENT_COLOR_NAME = AccentColor;
				CODE_SIGN_STYLE = Automatic;
				CURRENT_PROJECT_VERSION = 1;
				DEVELOPMENT_TEAM = F8FT97JYZT;
				GENERATE_INFOPLIST_FILE = YES;
				INFOPLIST_FILE = RxSwiftNetworkPractice/Info.plist;
				INFOPLIST_KEY_UIApplicationSupportsIndirectInputEvents = YES;
				INFOPLIST_KEY_UILaunchStoryboardName = LaunchScreen;
				INFOPLIST_KEY_UISupportedInterfaceOrientations = UIInterfaceOrientationPortrait;
				INFOPLIST_KEY_UISupportedInterfaceOrientations_iPad = UIInterfaceOrientationPortrait;
				IPHONEOS_DEPLOYMENT_TARGET = 16.0;
				LD_RUNPATH_SEARCH_PATHS = (
					"$(inherited)",
					"@executable_path/Frameworks",
				);
				MARKETING_VERSION = 1.0;
				PRODUCT_BUNDLE_IDENTIFIER = tunastorm.RxSwiftNetworkPractice;
				PRODUCT_NAME = "$(TARGET_NAME)";
				SUPPORTED_PLATFORMS = "iphoneos iphonesimulator";
				SUPPORTS_MACCATALYST = NO;
				SUPPORTS_MAC_DESIGNED_FOR_IPHONE_IPAD = NO;
				SUPPORTS_XR_DESIGNED_FOR_IPHONE_IPAD = NO;
				SWIFT_EMIT_LOC_STRINGS = YES;
				SWIFT_VERSION = 5.0;
				TARGETED_DEVICE_FAMILY = 1;
			};
			name = Release;
		};
/* End XCBuildConfiguration section */

/* Begin XCConfigurationList section */
		BC8F1BEB2C65DB9F005D63CB /* Build configuration list for PBXProject "RxSwiftNetworkPractice" */ = {
			isa = XCConfigurationList;
			buildConfigurations = (
				BC8F1C022C65DB9F005D63CB /* Debug */,
				BC8F1C032C65DB9F005D63CB /* Release */,
			);
			defaultConfigurationIsVisible = 0;
			defaultConfigurationName = Release;
		};
		BC8F1C042C65DB9F005D63CB /* Build configuration list for PBXNativeTarget "RxSwiftNetworkPractice" */ = {
			isa = XCConfigurationList;
			buildConfigurations = (
				BC8F1C052C65DB9F005D63CB /* Debug */,
				BC8F1C062C65DB9F005D63CB /* Release */,
			);
			defaultConfigurationIsVisible = 0;
			defaultConfigurationName = Release;
		};
/* End XCConfigurationList section */

/* Begin XCRemoteSwiftPackageReference section */
		BC8F1C162C65DDA3005D63CB /* XCRemoteSwiftPackageReference "IQKeyboardManager" */ = {
			isa = XCRemoteSwiftPackageReference;
			repositoryURL = "https://github.com/hackiftekhar/IQKeyboardManager.git";
			requirement = {
				kind = upToNextMajorVersion;
				minimumVersion = 7.1.1;
			};
		};
		BC8F1C192C65DDA9005D63CB /* XCRemoteSwiftPackageReference "Then" */ = {
			isa = XCRemoteSwiftPackageReference;
			repositoryURL = "https://github.com/devxoul/Then.git";
			requirement = {
				kind = upToNextMajorVersion;
				minimumVersion = 3.0.0;
			};
		};
		BC8F1C1C2C65DDBC005D63CB /* XCRemoteSwiftPackageReference "RxSwift" */ = {
			isa = XCRemoteSwiftPackageReference;
			repositoryURL = "https://github.com/ReactiveX/RxSwift.git";
			requirement = {
				kind = upToNextMajorVersion;
				minimumVersion = 6.7.1;
			};
		};
		BC8F1C212C65DDC6005D63CB /* XCRemoteSwiftPackageReference "SnapKit" */ = {
			isa = XCRemoteSwiftPackageReference;
			repositoryURL = "https://github.com/SnapKit/SnapKit.git";
			requirement = {
				kind = upToNextMajorVersion;
				minimumVersion = 5.7.1;
			};
		};
		BC8F1C322C65E733005D63CB /* XCRemoteSwiftPackageReference "Toast-Swift" */ = {
			isa = XCRemoteSwiftPackageReference;
			repositoryURL = "https://github.com/scalessec/Toast-Swift.git";
			requirement = {
				kind = upToNextMajorVersion;
				minimumVersion = 5.1.1;
			};
		};
		BC8F1C412C65F2FB005D63CB /* XCRemoteSwiftPackageReference "Alamofire" */ = {
			isa = XCRemoteSwiftPackageReference;
			repositoryURL = "https://github.com/Alamofire/Alamofire.git";
			requirement = {
				kind = upToNextMajorVersion;
				minimumVersion = 5.9.1;
			};
		};
		BC8F1C592C6645C4005D63CB /* XCRemoteSwiftPackageReference "Kingfisher" */ = {
			isa = XCRemoteSwiftPackageReference;
			repositoryURL = "https://github.com/onevcat/Kingfisher.git";
			requirement = {
				kind = upToNextMajorVersion;
				minimumVersion = 7.12.0;
			};
		};
/* End XCRemoteSwiftPackageReference section */

/* Begin XCSwiftPackageProductDependency section */
		BC8F1C172C65DDA3005D63CB /* IQKeyboardManagerSwift */ = {
			isa = XCSwiftPackageProductDependency;
			package = BC8F1C162C65DDA3005D63CB /* XCRemoteSwiftPackageReference "IQKeyboardManager" */;
			productName = IQKeyboardManagerSwift;
		};
		BC8F1C1A2C65DDA9005D63CB /* Then */ = {
			isa = XCSwiftPackageProductDependency;
			package = BC8F1C192C65DDA9005D63CB /* XCRemoteSwiftPackageReference "Then" */;
			productName = Then;
		};
		BC8F1C1D2C65DDBC005D63CB /* RxCocoa */ = {
			isa = XCSwiftPackageProductDependency;
			package = BC8F1C1C2C65DDBC005D63CB /* XCRemoteSwiftPackageReference "RxSwift" */;
			productName = RxCocoa;
		};
		BC8F1C1F2C65DDBC005D63CB /* RxSwift */ = {
			isa = XCSwiftPackageProductDependency;
			package = BC8F1C1C2C65DDBC005D63CB /* XCRemoteSwiftPackageReference "RxSwift" */;
			productName = RxSwift;
		};
		BC8F1C222C65DDC6005D63CB /* SnapKit */ = {
			isa = XCSwiftPackageProductDependency;
			package = BC8F1C212C65DDC6005D63CB /* XCRemoteSwiftPackageReference "SnapKit" */;
			productName = SnapKit;
		};
		BC8F1C332C65E733005D63CB /* Toast */ = {
			isa = XCSwiftPackageProductDependency;
			package = BC8F1C322C65E733005D63CB /* XCRemoteSwiftPackageReference "Toast-Swift" */;
			productName = Toast;
		};
		BC8F1C422C65F2FB005D63CB /* Alamofire */ = {
			isa = XCSwiftPackageProductDependency;
			package = BC8F1C412C65F2FB005D63CB /* XCRemoteSwiftPackageReference "Alamofire" */;
			productName = Alamofire;
		};
		BC8F1C5A2C6645C4005D63CB /* Kingfisher */ = {
			isa = XCSwiftPackageProductDependency;
			package = BC8F1C592C6645C4005D63CB /* XCRemoteSwiftPackageReference "Kingfisher" */;
			productName = Kingfisher;
		};
/* End XCSwiftPackageProductDependency section */
	};
	rootObject = BC8F1BE82C65DB9F005D63CB /* Project object */;
}
